
Microsoft Visual Studio Solution File, Format Version 12.00
# Visual Studio Version 16
VisualStudioVersion = 16.0.31515.178
MinimumVisualStudioVersion = 10.0.40219.1
Project("{FAE04EC0-301F-11D3-BF4B-00C04F79EFBC}") = "Personel_Kayit_Projesi", "Personel_Kayit_Projesi\Personel_Kayit_Projesi.csproj", "{21537901-6A0E-452B-88F6-FBCD5E4EAD65}"
EndProject
Global
	GlobalSection(SolutionConfigurationPlatforms) = preSolution
		Debug|Any CPU = Debug|Any CPU
		Release|Any CPU = Release|Any CPU
	EndGlobalSection
	GlobalSection(ProjectConfigurationPlatforms) = postSolution
		{21537901-6A0E-452B-88F6-FBCD5E4EAD65}.Debug|Any CPU.ActiveCfg = Debug|Any CPU
		{21537901-6A0E-452B-88F6-FBCD5E4EAD65}.Debug|Any CPU.Build.0 = Debug|Any CPU
		{21537901-6A0E-452B-88F6-FBCD5E4EAD65}.Release|Any CPU.ActiveCfg = Release|Any CPU
		{21537901-6A0E-452B-88F6-FBCD5E4EAD65}.Release|Any CPU.Build.0 = Release|Any CPU
	EndGlobalSection
	GlobalSection(SolutionProperties) = preSolution
		HideSolutionNode = FALSE
	EndGlobalSection
	GlobalSection(ExtensibilityGlobals) = postSolution
		SolutionGuid = {121AAD34-5FC3-431C-AB18-B6D474E23DFD}
	EndGlobalSection
EndGlobal
